// !$*UTF8*$!
{
	archiveVersion = 1;
	classes = {
	};
	objectVersion = 55;
	objects = {

/* Begin PBXBuildFile section */
		2002943F28245B6200CE438E /* Anime.swift in Sources */ = {isa = PBXBuildFile; fileRef = 2002943E28245B6200CE438E /* Anime.swift */; };
		2067FA9D282505100094ED28 /* ApiAnimeService.swift in Sources */ = {isa = PBXBuildFile; fileRef = 2067FA9C282505100094ED28 /* ApiAnimeService.swift */; };
		2067FA9F2825080B0094ED28 /* Manga.swift in Sources */ = {isa = PBXBuildFile; fileRef = 2067FA9E2825080B0094ED28 /* Manga.swift */; };
		2067FAA128250CBE0094ED28 /* TopAnimeVM.swift in Sources */ = {isa = PBXBuildFile; fileRef = 2067FAA028250CBE0094ED28 /* TopAnimeVM.swift */; };
		2067FAA328251ECF0094ED28 /* AnimeListView.swift in Sources */ = {isa = PBXBuildFile; fileRef = 2067FAA228251ECF0094ED28 /* AnimeListView.swift */; };
		2067FAA6282575260094ED28 /* AnimeItemView.swift in Sources */ = {isa = PBXBuildFile; fileRef = 2067FAA5282575260094ED28 /* AnimeItemView.swift */; };
		20ECB2FC2823F31C00312661 /* AnimBlessApp.swift in Sources */ = {isa = PBXBuildFile; fileRef = 20ECB2FB2823F31C00312661 /* AnimBlessApp.swift */; };
		20ECB2FE2823F31C00312661 /* ContentView.swift in Sources */ = {isa = PBXBuildFile; fileRef = 20ECB2FD2823F31C00312661 /* ContentView.swift */; };
		20ECB3002823F31F00312661 /* Assets.xcassets in Resources */ = {isa = PBXBuildFile; fileRef = 20ECB2FF2823F31F00312661 /* Assets.xcassets */; };
		20ECB3032823F31F00312661 /* Preview Assets.xcassets in Resources */ = {isa = PBXBuildFile; fileRef = 20ECB3022823F31F00312661 /* Preview Assets.xcassets */; };
		20ECB30A2823F43100312661 /* ChartsAnime.swift in Sources */ = {isa = PBXBuildFile; fileRef = 20ECB3092823F43100312661 /* ChartsAnime.swift */; };
		20ECB30C2823F44300312661 /* RatingAnime.swift in Sources */ = {isa = PBXBuildFile; fileRef = 20ECB30B2823F44300312661 /* RatingAnime.swift */; };
		20ECB3112823F96600312661 /* BottomBarItem.swift in Sources */ = {isa = PBXBuildFile; fileRef = 20ECB3102823F96600312661 /* BottomBarItem.swift */; };
		20ECB3132823F9F700312661 /* BottomBar.swift in Sources */ = {isa = PBXBuildFile; fileRef = 20ECB3122823F9F700312661 /* BottomBar.swift */; };
		20ECB315282435D700312661 /* AnimeList.swift in Sources */ = {isa = PBXBuildFile; fileRef = 20ECB314282435D700312661 /* AnimeList.swift */; };
		98996DAFEDADE91F7879D946 /* Pods_AnimBless.framework in Frameworks */ = {isa = PBXBuildFile; fileRef = FF27D1A144EC2A6CF3BEFAFE /* Pods_AnimBless.framework */; };
/* End PBXBuildFile section */

/* Begin PBXFileReference section */
		0EAEDEC0E34686D84254DD79 /* Pods-AnimBless.debug.xcconfig */ = {isa = PBXFileReference; includeInIndex = 1; lastKnownFileType = text.xcconfig; name = "Pods-AnimBless.debug.xcconfig"; path = "Target Support Files/Pods-AnimBless/Pods-AnimBless.debug.xcconfig"; sourceTree = "<group>"; };
		2002943E28245B6200CE438E /* Anime.swift */ = {isa = PBXFileReference; lastKnownFileType = sourcecode.swift; path = Anime.swift; sourceTree = "<group>"; };
		2067FA9C282505100094ED28 /* ApiAnimeService.swift */ = {isa = PBXFileReference; lastKnownFileType = sourcecode.swift; path = ApiAnimeService.swift; sourceTree = "<group>"; };
		2067FA9E2825080B0094ED28 /* Manga.swift */ = {isa = PBXFileReference; lastKnownFileType = sourcecode.swift; path = Manga.swift; sourceTree = "<group>"; };
		2067FAA028250CBE0094ED28 /* TopAnimeVM.swift */ = {isa = PBXFileReference; lastKnownFileType = sourcecode.swift; path = TopAnimeVM.swift; sourceTree = "<group>"; };
		2067FAA228251ECF0094ED28 /* AnimeListView.swift */ = {isa = PBXFileReference; lastKnownFileType = sourcecode.swift; path = AnimeListView.swift; sourceTree = "<group>"; };
		2067FAA5282575260094ED28 /* AnimeItemView.swift */ = {isa = PBXFileReference; lastKnownFileType = sourcecode.swift; path = AnimeItemView.swift; sourceTree = "<group>"; };
		20ECB2F82823F31C00312661 /* AnimBless.app */ = {isa = PBXFileReference; explicitFileType = wrapper.application; includeInIndex = 0; path = AnimBless.app; sourceTree = BUILT_PRODUCTS_DIR; };
		20ECB2FB2823F31C00312661 /* AnimBlessApp.swift */ = {isa = PBXFileReference; lastKnownFileType = sourcecode.swift; path = AnimBlessApp.swift; sourceTree = "<group>"; };
		20ECB2FD2823F31C00312661 /* ContentView.swift */ = {isa = PBXFileReference; lastKnownFileType = sourcecode.swift; path = ContentView.swift; sourceTree = "<group>"; };
		20ECB2FF2823F31F00312661 /* Assets.xcassets */ = {isa = PBXFileReference; lastKnownFileType = folder.assetcatalog; path = Assets.xcassets; sourceTree = "<group>"; };
		20ECB3022823F31F00312661 /* Preview Assets.xcassets */ = {isa = PBXFileReference; lastKnownFileType = folder.assetcatalog; path = "Preview Assets.xcassets"; sourceTree = "<group>"; };
		20ECB3092823F43100312661 /* ChartsAnime.swift */ = {isa = PBXFileReference; lastKnownFileType = sourcecode.swift; path = ChartsAnime.swift; sourceTree = "<group>"; };
		20ECB30B2823F44300312661 /* RatingAnime.swift */ = {isa = PBXFileReference; lastKnownFileType = sourcecode.swift; path = RatingAnime.swift; sourceTree = "<group>"; };
		20ECB3102823F96600312661 /* BottomBarItem.swift */ = {isa = PBXFileReference; lastKnownFileType = sourcecode.swift; path = BottomBarItem.swift; sourceTree = "<group>"; };
		20ECB3122823F9F700312661 /* BottomBar.swift */ = {isa = PBXFileReference; lastKnownFileType = sourcecode.swift; path = BottomBar.swift; sourceTree = "<group>"; };
		20ECB314282435D700312661 /* AnimeList.swift */ = {isa = PBXFileReference; lastKnownFileType = sourcecode.swift; path = AnimeList.swift; sourceTree = "<group>"; };
		CF197AEC23667D254E15C626 /* Pods-AnimBless.release.xcconfig */ = {isa = PBXFileReference; includeInIndex = 1; lastKnownFileType = text.xcconfig; name = "Pods-AnimBless.release.xcconfig"; path = "Target Support Files/Pods-AnimBless/Pods-AnimBless.release.xcconfig"; sourceTree = "<group>"; };
		FF27D1A144EC2A6CF3BEFAFE /* Pods_AnimBless.framework */ = {isa = PBXFileReference; explicitFileType = wrapper.framework; includeInIndex = 0; path = Pods_AnimBless.framework; sourceTree = BUILT_PRODUCTS_DIR; };
/* End PBXFileReference section */

/* Begin PBXFrameworksBuildPhase section */
		20ECB2F52823F31C00312661 /* Frameworks */ = {
			isa = PBXFrameworksBuildPhase;
			buildActionMask = 2147483647;
			files = (
				98996DAFEDADE91F7879D946 /* Pods_AnimBless.framework in Frameworks */,
			);
			runOnlyForDeploymentPostprocessing = 0;
		};
/* End PBXFrameworksBuildPhase section */

/* Begin PBXGroup section */
		2067FAA4282575070094ED28 /* AnimeViews */ = {
			isa = PBXGroup;
			children = (
				2067FAA228251ECF0094ED28 /* AnimeListView.swift */,
				2067FAA5282575260094ED28 /* AnimeItemView.swift */,
			);
			path = AnimeViews;
			sourceTree = "<group>";
		};
		20ECB2EF2823F31C00312661 = {
			isa = PBXGroup;
			children = (
				20ECB2FA2823F31C00312661 /* AnimBless */,
				20ECB2F92823F31C00312661 /* Products */,
				8C9104318B428D98CA6FC1BB /* Pods */,
				B4792AE696372C48EE9C2F33 /* Frameworks */,
			);
			sourceTree = "<group>";
		};
		20ECB2F92823F31C00312661 /* Products */ = {
			isa = PBXGroup;
			children = (
				20ECB2F82823F31C00312661 /* AnimBless.app */,
			);
			name = Products;
			sourceTree = "<group>";
		};
		20ECB2FA2823F31C00312661 /* AnimBless */ = {
			isa = PBXGroup;
			children = (
				20ECB31728243AD700312661 /* Data */,
				20ECB2FB2823F31C00312661 /* AnimBlessApp.swift */,
				20ECB316282436CB00312661 /* Views */,
				20ECB30F2823F8DC00312661 /* TabBar */,
				20ECB2FF2823F31F00312661 /* Assets.xcassets */,
				20ECB3012823F31F00312661 /* Preview Content */,
			);
			path = AnimBless;
			sourceTree = "<group>";
		};
		20ECB3012823F31F00312661 /* Preview Content */ = {
			isa = PBXGroup;
			children = (
				20ECB3022823F31F00312661 /* Preview Assets.xcassets */,
			);
			path = "Preview Content";
			sourceTree = "<group>";
		};
		20ECB30F2823F8DC00312661 /* TabBar */ = {
			isa = PBXGroup;
			children = (
				20ECB2FD2823F31C00312661 /* ContentView.swift */,
				20ECB3102823F96600312661 /* BottomBarItem.swift */,
				20ECB3122823F9F700312661 /* BottomBar.swift */,
			);
			path = TabBar;
			sourceTree = "<group>";
		};
		20ECB316282436CB00312661 /* Views */ = {
			isa = PBXGroup;
			children = (
				2067FAA4282575070094ED28 /* AnimeViews */,
				20ECB314282435D700312661 /* AnimeList.swift */,
				20ECB3092823F43100312661 /* ChartsAnime.swift */,
				20ECB30B2823F44300312661 /* RatingAnime.swift */,
			);
			path = Views;
			sourceTree = "<group>";
		};
		20ECB31728243AD700312661 /* Data */ = {
			isa = PBXGroup;
			children = (
				20ECB31B28243B4100312661 /* Service */,
				20ECB31828243ADC00312661 /* Models */,
			);
			path = Data;
			sourceTree = "<group>";
		};
		20ECB31828243ADC00312661 /* Models */ = {
			isa = PBXGroup;
			children = (
				2002943E28245B6200CE438E /* Anime.swift */,
				2067FA9E2825080B0094ED28 /* Manga.swift */,
			);
			path = Models;
			sourceTree = "<group>";
		};
		20ECB31B28243B4100312661 /* Service */ = {
			isa = PBXGroup;
			children = (
				2067FA9C282505100094ED28 /* ApiAnimeService.swift */,
				2067FAA028250CBE0094ED28 /* TopAnimeVM.swift */,
			);
			path = Service;
			sourceTree = "<group>";
		};
		8C9104318B428D98CA6FC1BB /* Pods */ = {
			isa = PBXGroup;
			children = (
				0EAEDEC0E34686D84254DD79 /* Pods-AnimBless.debug.xcconfig */,
				CF197AEC23667D254E15C626 /* Pods-AnimBless.release.xcconfig */,
			);
			path = Pods;
			sourceTree = "<group>";
		};
		B4792AE696372C48EE9C2F33 /* Frameworks */ = {
			isa = PBXGroup;
			children = (
				FF27D1A144EC2A6CF3BEFAFE /* Pods_AnimBless.framework */,
			);
			name = Frameworks;
			sourceTree = "<group>";
		};
/* End PBXGroup section */

/* Begin PBXNativeTarget section */
		20ECB2F72823F31C00312661 /* AnimBless */ = {
			isa = PBXNativeTarget;
			buildConfigurationList = 20ECB3062823F31F00312661 /* Build configuration list for PBXNativeTarget "AnimBless" */;
			buildPhases = (
				9E118C10E40D037663D058B3 /* [CP] Check Pods Manifest.lock */,
				20ECB2F42823F31C00312661 /* Sources */,
				20ECB2F52823F31C00312661 /* Frameworks */,
				20ECB2F62823F31C00312661 /* Resources */,
				15470E58192C4B03838A6E64 /* [CP] Embed Pods Frameworks */,
			);
			buildRules = (
			);
			dependencies = (
			);
			name = AnimBless;
			productName = AnimBless;
			productReference = 20ECB2F82823F31C00312661 /* AnimBless.app */;
			productType = "com.apple.product-type.application";
		};
/* End PBXNativeTarget section */

/* Begin PBXProject section */
		20ECB2F02823F31C00312661 /* Project object */ = {
			isa = PBXProject;
			attributes = {
				BuildIndependentTargetsInParallel = 1;
				LastSwiftUpdateCheck = 1330;
				LastUpgradeCheck = 1330;
				TargetAttributes = {
					20ECB2F72823F31C00312661 = {
						CreatedOnToolsVersion = 13.3.1;
					};
				};
			};
			buildConfigurationList = 20ECB2F32823F31C00312661 /* Build configuration list for PBXProject "AnimBless" */;
			compatibilityVersion = "Xcode 13.0";
			developmentRegion = en;
			hasScannedForEncodings = 0;
			knownRegions = (
				en,
				Base,
			);
			mainGroup = 20ECB2EF2823F31C00312661;
			productRefGroup = 20ECB2F92823F31C00312661 /* Products */;
			projectDirPath = "";
			projectRoot = "";
			targets = (
				20ECB2F72823F31C00312661 /* AnimBless */,
			);
		};
/* End PBXProject section */

/* Begin PBXResourcesBuildPhase section */
		20ECB2F62823F31C00312661 /* Resources */ = {
			isa = PBXResourcesBuildPhase;
			buildActionMask = 2147483647;
			files = (
				20ECB3032823F31F00312661 /* Preview Assets.xcassets in Resources */,
				20ECB3002823F31F00312661 /* Assets.xcassets in Resources */,
			);
			runOnlyForDeploymentPostprocessing = 0;
		};
/* End PBXResourcesBuildPhase section */

/* Begin PBXShellScriptBuildPhase section */
		15470E58192C4B03838A6E64 /* [CP] Embed Pods Frameworks */ = {
			isa = PBXShellScriptBuildPhase;
			buildActionMask = 2147483647;
			files = (
			);
			inputFileListPaths = (
				"${PODS_ROOT}/Target Support Files/Pods-AnimBless/Pods-AnimBless-frameworks-${CONFIGURATION}-input-files.xcfilelist",
			);
			name = "[CP] Embed Pods Frameworks";
			outputFileListPaths = (
				"${PODS_ROOT}/Target Support Files/Pods-AnimBless/Pods-AnimBless-frameworks-${CONFIGURATION}-output-files.xcfilelist",
			);
			runOnlyForDeploymentPostprocessing = 0;
			shellPath = /bin/sh;
			shellScript = "\"${PODS_ROOT}/Target Support Files/Pods-AnimBless/Pods-AnimBless-frameworks.sh\"\n";
			showEnvVarsInLog = 0;
		};
		9E118C10E40D037663D058B3 /* [CP] Check Pods Manifest.lock */ = {
			isa = PBXShellScriptBuildPhase;
			buildActionMask = 2147483647;
			files = (
			);
			inputFileListPaths = (
			);
			inputPaths = (
				"${PODS_PODFILE_DIR_PATH}/Podfile.lock",
				"${PODS_ROOT}/Manifest.lock",
			);
			name = "[CP] Check Pods Manifest.lock";
			outputFileListPaths = (
			);
			outputPaths = (
				"$(DERIVED_FILE_DIR)/Pods-AnimBless-checkManifestLockResult.txt",
			);
			runOnlyForDeploymentPostprocessing = 0;
			shellPath = /bin/sh;
			shellScript = "diff \"${PODS_PODFILE_DIR_PATH}/Podfile.lock\" \"${PODS_ROOT}/Manifest.lock\" > /dev/null\nif [ $? != 0 ] ; then\n    # print error to STDERR\n    echo \"error: The sandbox is not in sync with the Podfile.lock. Run 'pod install' or update your CocoaPods installation.\" >&2\n    exit 1\nfi\n# This output is used by Xcode 'outputs' to avoid re-running this script phase.\necho \"SUCCESS\" > \"${SCRIPT_OUTPUT_FILE_0}\"\n";
			showEnvVarsInLog = 0;
		};
/* End PBXShellScriptBuildPhase section */

/* Begin PBXSourcesBuildPhase section */
		20ECB2F42823F31C00312661 /* Sources */ = {
			isa = PBXSourcesBuildPhase;
			buildActionMask = 2147483647;
			files = (
				20ECB2FE2823F31C00312661 /* ContentView.swift in Sources */,
				20ECB30A2823F43100312661 /* ChartsAnime.swift in Sources */,
				2067FA9F2825080B0094ED28 /* Manga.swift in Sources */,
				2067FAA328251ECF0094ED28 /* AnimeListView.swift in Sources */,
				2067FAA128250CBE0094ED28 /* TopAnimeVM.swift in Sources */,
				2067FAA6282575260094ED28 /* AnimeItemView.swift in Sources */,
				20ECB3132823F9F700312661 /* BottomBar.swift in Sources */,
				20ECB2FC2823F31C00312661 /* AnimBlessApp.swift in Sources */,
				20ECB3112823F96600312661 /* BottomBarItem.swift in Sources */,
				20ECB30C2823F44300312661 /* RatingAnime.swift in Sources */,
				20ECB315282435D700312661 /* AnimeList.swift in Sources */,
				2002943F28245B6200CE438E /* Anime.swift in Sources */,
				2067FA9D282505100094ED28 /* ApiAnimeService.swift in Sources */,
			);
			runOnlyForDeploymentPostprocessing = 0;
		};
/* End PBXSourcesBuildPhase section */

/* Begin XCBuildConfiguration section */
		20ECB3042823F31F00312661 /* Debug */ = {
			isa = XCBuildConfiguration;
			buildSettings = {
				ALWAYS_SEARCH_USER_PATHS = NO;
				CLANG_ANALYZER_NONNULL = YES;
				CLANG_ANALYZER_NUMBER_OBJECT_CONVERSION = YES_AGGRESSIVE;
				CLANG_CXX_LANGUAGE_STANDARD = "gnu++17";
				CLANG_ENABLE_MODULES = YES;
				CLANG_ENABLE_OBJC_ARC = YES;
				CLANG_ENABLE_OBJC_WEAK = YES;
				CLANG_WARN_BLOCK_CAPTURE_AUTORELEASING = YES;
				CLANG_WARN_BOOL_CONVERSION = YES;
				CLANG_WARN_COMMA = YES;
				CLANG_WARN_CONSTANT_CONVERSION = YES;
				CLANG_WARN_DEPRECATED_OBJC_IMPLEMENTATIONS = YES;
				CLANG_WARN_DIRECT_OBJC_ISA_USAGE = YES_ERROR;
				CLANG_WARN_DOCUMENTATION_COMMENTS = YES;
				CLANG_WARN_EMPTY_BODY = YES;
				CLANG_WARN_ENUM_CONVERSION = YES;
				CLANG_WARN_INFINITE_RECURSION = YES;
				CLANG_WARN_INT_CONVERSION = YES;
				CLANG_WARN_NON_LITERAL_NULL_CONVERSION = YES;
				CLANG_WARN_OBJC_IMPLICIT_RETAIN_SELF = YES;
				CLANG_WARN_OBJC_LITERAL_CONVERSION = YES;
				CLANG_WARN_OBJC_ROOT_CLASS = YES_ERROR;
				CLANG_WARN_QUOTED_INCLUDE_IN_FRAMEWORK_HEADER = YES;
				CLANG_WARN_RANGE_LOOP_ANALYSIS = YES;
				CLANG_WARN_STRICT_PROTOTYPES = YES;
				CLANG_WARN_SUSPICIOUS_MOVE = YES;
				CLANG_WARN_UNGUARDED_AVAILABILITY = YES_AGGRESSIVE;
				CLANG_WARN_UNREACHABLE_CODE = YES;
				CLANG_WARN__DUPLICATE_METHOD_MATCH = YES;
				COPY_PHASE_STRIP = NO;
				DEBUG_INFORMATION_FORMAT = dwarf;
				ENABLE_STRICT_OBJC_MSGSEND = YES;
				ENABLE_TESTABILITY = YES;
				GCC_C_LANGUAGE_STANDARD = gnu11;
				GCC_DYNAMIC_NO_PIC = NO;
				GCC_NO_COMMON_BLOCKS = YES;
				GCC_OPTIMIZATION_LEVEL = 0;
				GCC_PREPROCESSOR_DEFINITIONS = (
					"DEBUG=1",
					"$(inherited)",
				);
				GCC_WARN_64_TO_32_BIT_CONVERSION = YES;
				GCC_WARN_ABOUT_RETURN_TYPE = YES_ERROR;
				GCC_WARN_UNDECLARED_SELECTOR = YES;
				GCC_WARN_UNINITIALIZED_AUTOS = YES_AGGRESSIVE;
				GCC_WARN_UNUSED_FUNCTION = YES;
				GCC_WARN_UNUSED_VARIABLE = YES;
				IPHONEOS_DEPLOYMENT_TARGET = 15.4;
				MTL_ENABLE_DEBUG_INFO = INCLUDE_SOURCE;
				MTL_FAST_MATH = YES;
				ONLY_ACTIVE_ARCH = YES;
				SDKROOT = iphoneos;
				SWIFT_ACTIVE_COMPILATION_CONDITIONS = DEBUG;
				SWIFT_OPTIMIZATION_LEVEL = "-Onone";
			};
			name = Debug;
		};
		20ECB3052823F31F00312661 /* Release */ = {
			isa = XCBuildConfiguration;
			buildSettings = {
				ALWAYS_SEARCH_USER_PATHS = NO;
				CLANG_ANALYZER_NONNULL = YES;
				CLANG_ANALYZER_NUMBER_OBJECT_CONVERSION = YES_AGGRESSIVE;
				CLANG_CXX_LANGUAGE_STANDARD = "gnu++17";
				CLANG_ENABLE_MODULES = YES;
				CLANG_ENABLE_OBJC_ARC = YES;
				CLANG_ENABLE_OBJC_WEAK = YES;
				CLANG_WARN_BLOCK_CAPTURE_AUTORELEASING = YES;
				CLANG_WARN_BOOL_CONVERSION = YES;
				CLANG_WARN_COMMA = YES;
				CLANG_WARN_CONSTANT_CONVERSION = YES;
				CLANG_WARN_DEPRECATED_OBJC_IMPLEMENTATIONS = YES;
				CLANG_WARN_DIRECT_OBJC_ISA_USAGE = YES_ERROR;
				CLANG_WARN_DOCUMENTATION_COMMENTS = YES;
				CLANG_WARN_EMPTY_BODY = YES;
				CLANG_WARN_ENUM_CONVERSION = YES;
				CLANG_WARN_INFINITE_RECURSION = YES;
				CLANG_WARN_INT_CONVERSION = YES;
				CLANG_WARN_NON_LITERAL_NULL_CONVERSION = YES;
				CLANG_WARN_OBJC_IMPLICIT_RETAIN_SELF = YES;
				CLANG_WARN_OBJC_LITERAL_CONVERSION = YES;
				CLANG_WARN_OBJC_ROOT_CLASS = YES_ERROR;
				CLANG_WARN_QUOTED_INCLUDE_IN_FRAMEWORK_HEADER = YES;
				CLANG_WARN_RANGE_LOOP_ANALYSIS = YES;
				CLANG_WARN_STRICT_PROTOTYPES = YES;
				CLANG_WARN_SUSPICIOUS_MOVE = YES;
				CLANG_WARN_UNGUARDED_AVAILABILITY = YES_AGGRESSIVE;
				CLANG_WARN_UNREACHABLE_CODE = YES;
				CLANG_WARN__DUPLICATE_METHOD_MATCH = YES;
				COPY_PHASE_STRIP = NO;
				DEBUG_INFORMATION_FORMAT = "dwarf-with-dsym";
				ENABLE_NS_ASSERTIONS = NO;
				ENABLE_STRICT_OBJC_MSGSEND = YES;
				GCC_C_LANGUAGE_STANDARD = gnu11;
				GCC_NO_COMMON_BLOCKS = YES;
				GCC_WARN_64_TO_32_BIT_CONVERSION = YES;
				GCC_WARN_ABOUT_RETURN_TYPE = YES_ERROR;
				GCC_WARN_UNDECLARED_SELECTOR = YES;
				GCC_WARN_UNINITIALIZED_AUTOS = YES_AGGRESSIVE;
				GCC_WARN_UNUSED_FUNCTION = YES;
				GCC_WARN_UNUSED_VARIABLE = YES;
				IPHONEOS_DEPLOYMENT_TARGET = 15.4;
				MTL_ENABLE_DEBUG_INFO = NO;
				MTL_FAST_MATH = YES;
				SDKROOT = iphoneos;
				SWIFT_COMPILATION_MODE = wholemodule;
				SWIFT_OPTIMIZATION_LEVEL = "-O";
				VALIDATE_PRODUCT = YES;
			};
			name = Release;
		};
		20ECB3072823F31F00312661 /* Debug */ = {
			isa = XCBuildConfiguration;
			baseConfigurationReference = 0EAEDEC0E34686D84254DD79 /* Pods-AnimBless.debug.xcconfig */;
			buildSettings = {
				ASSETCATALOG_COMPILER_APPICON_NAME = AppIcon;
				ASSETCATALOG_COMPILER_GLOBAL_ACCENT_COLOR_NAME = AccentColor;
				CODE_SIGN_STYLE = Automatic;
				CURRENT_PROJECT_VERSION = 1;
				DEVELOPMENT_ASSET_PATHS = "\"AnimBless/Preview Content\"";
				DEVELOPMENT_TEAM = 3975FF67Q5;
				ENABLE_PREVIEWS = YES;
				GENERATE_INFOPLIST_FILE = YES;
				INFOPLIST_KEY_UIApplicationSceneManifest_Generation = YES;
				INFOPLIST_KEY_UIApplicationSupportsIndirectInputEvents = YES;
				INFOPLIST_KEY_UILaunchScreen_Generation = YES;
				INFOPLIST_KEY_UISupportedInterfaceOrientations_iPad = "UIInterfaceOrientationPortrait UIInterfaceOrientationPortraitUpsideDown UIInterfaceOrientationLandscapeLeft UIInterfaceOrientationLandscapeRight";
				INFOPLIST_KEY_UISupportedInterfaceOrientations_iPhone = "UIInterfaceOrientationPortrait UIInterfaceOrientationLandscapeLeft UIInterfaceOrientationLandscapeRight";
				LD_RUNPATH_SEARCH_PATHS = (
					"$(inherited)",
					"@executable_path/Frameworks",
				);
				MARKETING_VERSION = 1.0;
				PRODUCT_BUNDLE_IDENTIFIER = com.iBlessme.AnimBless;
				PRODUCT_NAME = "$(TARGET_NAME)";
				SWIFT_EMIT_LOC_STRINGS = YES;
				SWIFT_VERSION = 5.0;
				TARGETED_DEVICE_FAMILY = "1,2";
			};
			name = Debug;
		};
		20ECB3082823F31F00312661 /* Release */ = {
			isa = XCBuildConfiguration;
			baseConfigurationReference = CF197AEC23667D254E15C626 /* Pods-AnimBless.release.xcconfig */;
			buildSettings = {
				ASSETCATALOG_COMPILER_APPICON_NAME = AppIcon;
				ASSETCATALOG_COMPILER_GLOBAL_ACCENT_COLOR_NAME = AccentColor;
				CODE_SIGN_STYLE = Automatic;
				CURRENT_PROJECT_VERSION = 1;
				DEVELOPMENT_ASSET_PATHS = "\"AnimBless/Preview Content\"";
				DEVELOPMENT_TEAM = 3975FF67Q5;
				ENABLE_PREVIEWS = YES;
				GENERATE_INFOPLIST_FILE = YES;
				INFOPLIST_KEY_UIApplicationSceneManifest_Generation = YES;
				INFOPLIST_KEY_UIApplicationSupportsIndirectInputEvents = YES;
				INFOPLIST_KEY_UILaunchScreen_Generation = YES;
				INFOPLIST_KEY_UISupportedInterfaceOrientations_iPad = "UIInterfaceOrientationPortrait UIInterfaceOrientationPortraitUpsideDown UIInterfaceOrientationLandscapeLeft UIInterfaceOrientationLandscapeRight";
				INFOPLIST_KEY_UISupportedInterfaceOrientations_iPhone = "UIInterfaceOrientationPortrait UIInterfaceOrientationLandscapeLeft UIInterfaceOrientationLandscapeRight";
				LD_RUNPATH_SEARCH_PATHS = (
					"$(inherited)",
					"@executable_path/Frameworks",
				);
				MARKETING_VERSION = 1.0;
				PRODUCT_BUNDLE_IDENTIFIER = com.iBlessme.AnimBless;
				PRODUCT_NAME = "$(TARGET_NAME)";
				SWIFT_EMIT_LOC_STRINGS = YES;
				SWIFT_VERSION = 5.0;
				TARGETED_DEVICE_FAMILY = "1,2";
			};
			name = Release;
		};
/* End XCBuildConfiguration section */

/* Begin XCConfigurationList section */
		20ECB2F32823F31C00312661 /* Build configuration list for PBXProject "AnimBless" */ = {
			isa = XCConfigurationList;
			buildConfigurations = (
				20ECB3042823F31F00312661 /* Debug */,
				20ECB3052823F31F00312661 /* Release */,
			);
			defaultConfigurationIsVisible = 0;
			defaultConfigurationName = Release;
		};
		20ECB3062823F31F00312661 /* Build configuration list for PBXNativeTarget "AnimBless" */ = {
			isa = XCConfigurationList;
			buildConfigurations = (
				20ECB3072823F31F00312661 /* Debug */,
				20ECB3082823F31F00312661 /* Release */,
			);
			defaultConfigurationIsVisible = 0;
			defaultConfigurationName = Release;
		};
/* End XCConfigurationList section */
	};
	rootObject = 20ECB2F02823F31C00312661 /* Project object */;
}
